// !$*UTF8*$!
{
	archiveVersion = 1;
	classes = {
	};
	objectVersion = 46;
	objects = {

/* Begin PBXBuildFile section */
		7258DB8F193F8F7B00E5E9E8 /* AppDelegate.swift in Sources */ = {isa = PBXBuildFile; fileRef = 7258DB8E193F8F7B00E5E9E8 /* AppDelegate.swift */; };
		7258DB91193F8F7B00E5E9E8 /* Images.xcassets in Resources */ = {isa = PBXBuildFile; fileRef = 7258DB90193F8F7B00E5E9E8 /* Images.xcassets */; };
		7258DB9D193F8F7B00E5E9E8 /* _listTests.swift in Sources */ = {isa = PBXBuildFile; fileRef = 7258DB9C193F8F7B00E5E9E8 /* _listTests.swift */; };
/* End PBXBuildFile section */

/* Begin PBXContainerItemProxy section */
		7258DB97193F8F7B00E5E9E8 /* PBXContainerItemProxy */ = {
			isa = PBXContainerItemProxy;
			containerPortal = 7258DB81193F8F7A00E5E9E8 /* Project object */;
			proxyType = 1;
			remoteGlobalIDString = 7258DB88193F8F7B00E5E9E8;
			remoteInfo = _list;
		};
/* End PBXContainerItemProxy section */

/* Begin PBXFileReference section */
		7258DB89193F8F7B00E5E9E8 /* _list.app */ = {isa = PBXFileReference; explicitFileType = wrapper.application; includeInIndex = 0; path = _list.app; sourceTree = BUILT_PRODUCTS_DIR; };
		7258DB8D193F8F7B00E5E9E8 /* Info.plist */ = {isa = PBXFileReference; lastKnownFileType = text.plist.xml; path = Info.plist; sourceTree = "<group>"; };
		7258DB8E193F8F7B00E5E9E8 /* AppDelegate.swift */ = {isa = PBXFileReference; lastKnownFileType = sourcecode.swift; path = AppDelegate.swift; sourceTree = "<group>"; };
		7258DB90193F8F7B00E5E9E8 /* Images.xcassets */ = {isa = PBXFileReference; lastKnownFileType = folder.assetcatalog; path = Images.xcassets; sourceTree = "<group>"; };
		7258DB96193F8F7B00E5E9E8 /* _listTests.xctest */ = {isa = PBXFileReference; explicitFileType = wrapper.cfbundle; includeInIndex = 0; path = _listTests.xctest; sourceTree = BUILT_PRODUCTS_DIR; };
		7258DB9B193F8F7B00E5E9E8 /* Info.plist */ = {isa = PBXFileReference; lastKnownFileType = text.plist.xml; path = Info.plist; sourceTree = "<group>"; };
		7258DB9C193F8F7B00E5E9E8 /* _listTests.swift */ = {isa = PBXFileReference; lastKnownFileType = sourcecode.swift; path = _listTests.swift; sourceTree = "<group>"; };
/* End PBXFileReference section */

/* Begin PBXFrameworksBuildPhase section */
		7258DB86193F8F7B00E5E9E8 /* Frameworks */ = {
			isa = PBXFrameworksBuildPhase;
			buildActionMask = 2147483647;
			files = (
			);
			runOnlyForDeploymentPostprocessing = 0;
		};
		7258DB93193F8F7B00E5E9E8 /* Frameworks */ = {
			isa = PBXFrameworksBuildPhase;
			buildActionMask = 2147483647;
			files = (
			);
			runOnlyForDeploymentPostprocessing = 0;
		};
/* End PBXFrameworksBuildPhase section */

/* Begin PBXGroup section */
		7258DB80193F8F7A00E5E9E8 = {
			isa = PBXGroup;
			children = (
				7258DB8B193F8F7B00E5E9E8 /* _list */,
				7258DB99193F8F7B00E5E9E8 /* _listTests */,
				7258DB8A193F8F7B00E5E9E8 /* Products */,
			);
			sourceTree = "<group>";
		};
		7258DB8A193F8F7B00E5E9E8 /* Products */ = {
			isa = PBXGroup;
			children = (
				7258DB89193F8F7B00E5E9E8 /* _list.app */,
				7258DB96193F8F7B00E5E9E8 /* _listTests.xctest */,
			);
			name = Products;
			sourceTree = "<group>";
		};
		7258DB8B193F8F7B00E5E9E8 /* _list */ = {
			isa = PBXGroup;
			children = (
				7258DB8E193F8F7B00E5E9E8 /* AppDelegate.swift */,
				7258DB90193F8F7B00E5E9E8 /* Images.xcassets */,
				7258DB8C193F8F7B00E5E9E8 /* Supporting Files */,
			);
			path = _list;
			sourceTree = "<group>";
		};
		7258DB8C193F8F7B00E5E9E8 /* Supporting Files */ = {
			isa = PBXGroup;
			children = (
				7258DB8D193F8F7B00E5E9E8 /* Info.plist */,
			);
			name = "Supporting Files";
			sourceTree = "<group>";
		};
		7258DB99193F8F7B00E5E9E8 /* _listTests */ = {
			isa = PBXGroup;
			children = (
				7258DB9C193F8F7B00E5E9E8 /* _listTests.swift */,
				7258DB9A193F8F7B00E5E9E8 /* Supporting Files */,
			);
			path = _listTests;
			sourceTree = "<group>";
		};
		7258DB9A193F8F7B00E5E9E8 /* Supporting Files */ = {
			isa = PBXGroup;
			children = (
				7258DB9B193F8F7B00E5E9E8 /* Info.plist */,
			);
			name = "Supporting Files";
			sourceTree = "<group>";
		};
/* End PBXGroup section */

/* Begin PBXNativeTarget section */
		7258DB88193F8F7B00E5E9E8 /* _list */ = {
			isa = PBXNativeTarget;
			buildConfigurationList = 7258DBA0193F8F7B00E5E9E8 /* Build configuration list for PBXNativeTarget "_list" */;
			buildPhases = (
				7258DB85193F8F7B00E5E9E8 /* Sources */,
				7258DB86193F8F7B00E5E9E8 /* Frameworks */,
				7258DB87193F8F7B00E5E9E8 /* Resources */,
			);
			buildRules = (
			);
			dependencies = (
			);
			name = _list;
			productName = _list;
			productReference = 7258DB89193F8F7B00E5E9E8 /* _list.app */;
			productType = "com.apple.product-type.application";
		};
		7258DB95193F8F7B00E5E9E8 /* _listTests */ = {
			isa = PBXNativeTarget;
			buildConfigurationList = 7258DBA3193F8F7B00E5E9E8 /* Build configuration list for PBXNativeTarget "_listTests" */;
			buildPhases = (
				7258DB92193F8F7B00E5E9E8 /* Sources */,
				7258DB93193F8F7B00E5E9E8 /* Frameworks */,
				7258DB94193F8F7B00E5E9E8 /* Resources */,
			);
			buildRules = (
			);
			dependencies = (
				7258DB98193F8F7B00E5E9E8 /* PBXTargetDependency */,
			);
			name = _listTests;
			productName = _listTests;
			productReference = 7258DB96193F8F7B00E5E9E8 /* _listTests.xctest */;
			productType = "com.apple.product-type.bundle.unit-test";
		};
/* End PBXNativeTarget section */

/* Begin PBXProject section */
		7258DB81193F8F7A00E5E9E8 /* Project object */ = {
			isa = PBXProject;
			attributes = {
				LastUpgradeCheck = 0600;
				ORGANIZATIONNAME = "wei inc.";
				TargetAttributes = {
					7258DB88193F8F7B00E5E9E8 = {
						CreatedOnToolsVersion = 6.0;
					};
					7258DB95193F8F7B00E5E9E8 = {
						CreatedOnToolsVersion = 6.0;
						TestTargetID = 7258DB88193F8F7B00E5E9E8;
					};
				};
			};
			buildConfigurationList = 7258DB84193F8F7A00E5E9E8 /* Build configuration list for PBXProject "_list" */;
			compatibilityVersion = "Xcode 3.2";
			developmentRegion = English;
			hasScannedForEncodings = 0;
			knownRegions = (
				en,
			);
			mainGroup = 7258DB80193F8F7A00E5E9E8;
			productRefGroup = 7258DB8A193F8F7B00E5E9E8 /* Products */;
			projectDirPath = "";
			projectRoot = "";
			targets = (
				7258DB88193F8F7B00E5E9E8 /* _list */,
				7258DB95193F8F7B00E5E9E8 /* _listTests */,
			);
		};
/* End PBXProject section */

/* Begin PBXResourcesBuildPhase section */
		7258DB87193F8F7B00E5E9E8 /* Resources */ = {
			isa = PBXResourcesBuildPhase;
			buildActionMask = 2147483647;
			files = (
				7258DB91193F8F7B00E5E9E8 /* Images.xcassets in Resources */,
			);
			runOnlyForDeploymentPostprocessing = 0;
		};
		7258DB94193F8F7B00E5E9E8 /* Resources */ = {
			isa = PBXResourcesBuildPhase;
			buildActionMask = 2147483647;
			files = (
			);
			runOnlyForDeploymentPostprocessing = 0;
		};
/* End PBXResourcesBuildPhase section */

/* Begin PBXSourcesBuildPhase section */
		7258DB85193F8F7B00E5E9E8 /* Sources */ = {
			isa = PBXSourcesBuildPhase;
			buildActionMask = 2147483647;
			files = (
				7258DB8F193F8F7B00E5E9E8 /* AppDelegate.swift in Sources */,
			);
			runOnlyForDeploymentPostprocessing = 0;
		};
		7258DB92193F8F7B00E5E9E8 /* Sources */ = {
			isa = PBXSourcesBuildPhase;
			buildActionMask = 2147483647;
			files = (
				7258DB9D193F8F7B00E5E9E8 /* _listTests.swift in Sources */,
			);
			runOnlyForDeploymentPostprocessing = 0;
		};
/* End PBXSourcesBuildPhase section */

/* Begin PBXTargetDependency section */
		7258DB98193F8F7B00E5E9E8 /* PBXTargetDependency */ = {
			isa = PBXTargetDependency;
			target = 7258DB88193F8F7B00E5E9E8 /* _list */;
			targetProxy = 7258DB97193F8F7B00E5E9E8 /* PBXContainerItemProxy */;
		};
/* End PBXTargetDependency section */

/* Begin XCBuildConfiguration section */
		7258DB9E193F8F7B00E5E9E8 /* Debug */ = {
			isa = XCBuildConfiguration;
			buildSettings = {
				ALWAYS_SEARCH_USER_PATHS = NO;
				CLANG_CXX_LANGUAGE_STANDARD = "gnu++0x";
				CLANG_CXX_LIBRARY = "libc++";
				CLANG_ENABLE_MODULES = YES;
				CLANG_ENABLE_OBJC_ARC = YES;
				CLANG_WARN_BOOL_CONVERSION = YES;
				CLANG_WARN_CONSTANT_CONVERSION = YES;
				CLANG_WARN_DIRECT_OBJC_ISA_USAGE = YES_ERROR;
				CLANG_WARN_EMPTY_BODY = YES;
				CLANG_WARN_ENUM_CONVERSION = YES;
				CLANG_WARN_INT_CONVERSION = YES;
				CLANG_WARN_OBJC_ROOT_CLASS = YES_ERROR;
				CLANG_WARN_UNREACHABLE_CODE = YES;
				CLANG_WARN__DUPLICATE_METHOD_MATCH = YES;
				"CODE_SIGN_IDENTITY[sdk=iphoneos*]" = "iPhone Developer";
				COPY_PHASE_STRIP = NO;
				ENABLE_STRICT_OBJC_MSGSEND = YES;
				GCC_C_LANGUAGE_STANDARD = gnu99;
				GCC_DYNAMIC_NO_PIC = NO;
				GCC_OPTIMIZATION_LEVEL = 0;
				GCC_PREPROCESSOR_DEFINITIONS = (
					"DEBUG=1",
					"$(inherited)",
				);
				GCC_SYMBOLS_PRIVATE_EXTERN = NO;
				GCC_WARN_64_TO_32_BIT_CONVERSION = YES;
				GCC_WARN_ABOUT_RETURN_TYPE = YES_ERROR;
				GCC_WARN_UNDECLARED_SELECTOR = YES;
				GCC_WARN_UNINITIALIZED_AUTOS = YES_AGGRESSIVE;
				GCC_WARN_UNUSED_FUNCTION = YES;
				GCC_WARN_UNUSED_VARIABLE = YES;
				IPHONEOS_DEPLOYMENT_TARGET = 8.0;
				METAL_ENABLE_DEBUG_INFO = YES;
				ONLY_ACTIVE_ARCH = YES;
				SDKROOT = iphoneos;
				SWIFT_OPTIMIZATION_LEVEL = "-Onone";
			};
			name = Debug;
		};
		7258DB9F193F8F7B00E5E9E8 /* Release */ = {
			isa = XCBuildConfiguration;
			buildSettings = {
				ALWAYS_SEARCH_USER_PATHS = NO;
				CLANG_CXX_LANGUAGE_STANDARD = "gnu++0x";
				CLANG_CXX_LIBRARY = "libc++";
				CLANG_ENABLE_MODULES = YES;
				CLANG_ENABLE_OBJC_ARC = YES;
				CLANG_WARN_BOOL_CONVERSION = YES;
				CLANG_WARN_CONSTANT_CONVERSION = YES;
				CLANG_WARN_DIRECT_OBJC_ISA_USAGE = YES_ERROR;
				CLANG_WARN_EMPTY_BODY = YES;
				CLANG_WARN_ENUM_CONVERSION = YES;
				CLANG_WARN_INT_CONVERSION = YES;
				CLANG_WARN_OBJC_ROOT_CLASS = YES_ERROR;
				CLANG_WARN_UNREACHABLE_CODE = YES;
				CLANG_WARN__DUPLICATE_METHOD_MATCH = YES;
				"CODE_SIGN_IDENTITY[sdk=iphoneos*]" = "iPhone Developer";
				COPY_PHASE_STRIP = YES;
				ENABLE_NS_ASSERTIONS = NO;
				ENABLE_STRICT_OBJC_MSGSEND = YES;
				GCC_C_LANGUAGE_STANDARD = gnu99;
				GCC_WARN_64_TO_32_BIT_CONVERSION = YES;
				GCC_WARN_ABOUT_RETURN_TYPE = YES_ERROR;
				GCC_WARN_UNDECLARED_SELECTOR = YES;
				GCC_WARN_UNINITIALIZED_AUTOS = YES_AGGRESSIVE;
				GCC_WARN_UNUSED_FUNCTION = YES;
				GCC_WARN_UNUSED_VARIABLE = YES;
				IPHONEOS_DEPLOYMENT_TARGET = 8.0;
				METAL_ENABLE_DEBUG_INFO = NO;
				SDKROOT = iphoneos;
				VALIDATE_PRODUCT = YES;
			};
			name = Release;
		};
		7258DBA1193F8F7B00E5E9E8 /* Debug */ = {
			isa = XCBuildConfiguration;
			buildSettings = {
				ASSETCATALOG_COMPILER_APPICON_NAME = AppIcon;
				ASSETCATALOG_COMPILER_LAUNCHIMAGE_NAME = LaunchImage;
				INFOPLIST_FILE = _list/Info.plist;
				LD_RUNPATH_SEARCH_PATHS = "$(inherited) @executable_path/Frameworks";
				PRODUCT_NAME = "$(TARGET_NAME)";
			};
			name = Debug;
		};
		7258DBA2193F8F7B00E5E9E8 /* Release */ = {
			isa = XCBuildConfiguration;
			buildSettings = {
				ASSETCATALOG_COMPILER_APPICON_NAME = AppIcon;
				ASSETCATALOG_COMPILER_LAUNCHIMAGE_NAME = LaunchImage;
				INFOPLIST_FILE = _list/Info.plist;
				LD_RUNPATH_SEARCH_PATHS = "$(inherited) @executable_path/Frameworks";
				PRODUCT_NAME = "$(TARGET_NAME)";
			};
			name = Release;
		};
		7258DBA4193F8F7B00E5E9E8 /* Debug */ = {
			isa = XCBuildConfiguration;
			buildSettings = {
				BUNDLE_LOADER = "$(BUILT_PRODUCTS_DIR)/_list.app/_list";
				FRAMEWORK_SEARCH_PATHS = (
					"$(SDKROOT)/Developer/Library/Frameworks",
					"$(inherited)",
				);
				GCC_PREPROCESSOR_DEFINITIONS = (
					"DEBUG=1",
					"$(inherited)",
				);
				INFOPLIST_FILE = _listTests/Info.plist;
				LD_RUNPATH_SEARCH_PATHS = "$(inherited) @executable_path/Frameworks @loader_path/Frameworks";
				METAL_ENABLE_DEBUG_INFO = YES;
				PRODUCT_NAME = "$(TARGET_NAME)";
				TEST_HOST = "$(BUNDLE_LOADER)";
			};
			name = Debug;
		};
		7258DBA5193F8F7B00E5E9E8 /* Release */ = {
			isa = XCBuildConfiguration;
			buildSettings = {
				BUNDLE_LOADER = "$(BUILT_PRODUCTS_DIR)/_list.app/_list";
				FRAMEWORK_SEARCH_PATHS = (
					"$(SDKROOT)/Developer/Library/Frameworks",
					"$(inherited)",
				);
				INFOPLIST_FILE = _listTests/Info.plist;
				LD_RUNPATH_SEARCH_PATHS = "$(inherited) @executable_path/Frameworks @loader_path/Frameworks";
				METAL_ENABLE_DEBUG_INFO = NO;
				PRODUCT_NAME = "$(TARGET_NAME)";
				TEST_HOST = "$(BUNDLE_LOADER)";
			};
			name = Release;
		};
/* End XCBuildConfiguration section */

/* Begin XCConfigurationList section */
		7258DB84193F8F7A00E5E9E8 /* Build configuration list for PBXProject "_list" */ = {
			isa = XCConfigurationList;
			buildConfigurations = (
				7258DB9E193F8F7B00E5E9E8 /* Debug */,
				7258DB9F193F8F7B00E5E9E8 /* Release */,
			);
			defaultConfigurationIsVisible = 0;
			defaultConfigurationName = Release;
		};
		7258DBA0193F8F7B00E5E9E8 /* Build configuration list for PBXNativeTarget "_list" */ = {
			isa = XCConfigurationList;
			buildConfigurations = (
				7258DBA1193F8F7B00E5E9E8 /* Debug */,
				7258DBA2193F8F7B00E5E9E8 /* Release */,
			);
			defaultConfigurationIsVisible = 0;
		};
		7258DBA3193F8F7B00E5E9E8 /* Build configuration list for PBXNativeTarget "_listTests" */ = {
			isa = XCConfigurationList;
			buildConfigurations = (
				7258DBA4193F8F7B00E5E9E8 /* Debug */,
				7258DBA5193F8F7B00E5E9E8 /* Release */,
			);
			defaultConfigurationIsVisible = 0;
		};
/* End XCConfigurationList section */
	};
	rootObject = 7258DB81193F8F7A00E5E9E8 /* Project object */;
}
